// !$*UTF8*$!
{
	archiveVersion = 1;
	classes = {
	};
	objectVersion = 50;
	objects = {

/* Begin PBXBuildFile section */
		C80690EE26D602B000DDAC94 /* ContactCell.swift in Sources */ = {isa = PBXBuildFile; fileRef = C80690ED26D602B000DDAC94 /* ContactCell.swift */; };
		C85A6AD226D8F7CF00349794 /* PhonebookManager.swift in Sources */ = {isa = PBXBuildFile; fileRef = C85A6AD126D8F7CF00349794 /* PhonebookManager.swift */; };
		C85A6AE026D929EB00349794 /* DetailFriendViewController.swift in Sources */ = {isa = PBXBuildFile; fileRef = C85A6ADF26D929EB00349794 /* DetailFriendViewController.swift */; };
		C85A6AF726DA47C700349794 /* UIViewExtension.swift in Sources */ = {isa = PBXBuildFile; fileRef = C85A6AF626DA47C700349794 /* UIViewExtension.swift */; };
		C85A6B0526DB796C00349794 /* FriendsDataSource.swift in Sources */ = {isa = PBXBuildFile; fileRef = C85A6B0426DB796C00349794 /* FriendsDataSource.swift */; };
		C8A4B9F126D534C20065BB20 /* AppDelegate.swift in Sources */ = {isa = PBXBuildFile; fileRef = C8A4B9F026D534C20065BB20 /* AppDelegate.swift */; };
		C8A4B9F326D534C20065BB20 /* SceneDelegate.swift in Sources */ = {isa = PBXBuildFile; fileRef = C8A4B9F226D534C20065BB20 /* SceneDelegate.swift */; };
		C8A4B9F526D534C20065BB20 /* FriendsViewController.swift in Sources */ = {isa = PBXBuildFile; fileRef = C8A4B9F426D534C20065BB20 /* FriendsViewController.swift */; };
		C8A4B9F826D534C20065BB20 /* Main.storyboard in Resources */ = {isa = PBXBuildFile; fileRef = C8A4B9F626D534C20065BB20 /* Main.storyboard */; };
		C8A4B9FA26D534C50065BB20 /* Assets.xcassets in Resources */ = {isa = PBXBuildFile; fileRef = C8A4B9F926D534C50065BB20 /* Assets.xcassets */; };
		C8A4B9FD26D534C50065BB20 /* LaunchScreen.storyboard in Resources */ = {isa = PBXBuildFile; fileRef = C8A4B9FB26D534C50065BB20 /* LaunchScreen.storyboard */; };
		C8A4BA0826D534C50065BB20 /* PhonebookTests.swift in Sources */ = {isa = PBXBuildFile; fileRef = C8A4BA0726D534C50065BB20 /* PhonebookTests.swift */; };
		C8A4BA1326D534C50065BB20 /* PhonebookUITests.swift in Sources */ = {isa = PBXBuildFile; fileRef = C8A4BA1226D534C50065BB20 /* PhonebookUITests.swift */; };
		C8A4BA2426D534EA0065BB20 /* Friend.swift in Sources */ = {isa = PBXBuildFile; fileRef = C8A4BA2326D534EA0065BB20 /* Friend.swift */; };
		C8A4BA2926D53A3D0065BB20 /* FriendStore.swift in Sources */ = {isa = PBXBuildFile; fileRef = C8A4BA2826D53A3D0065BB20 /* FriendStore.swift */; };
		C8B86A5D26D7D7CC00F35DF4 /* ContactsUtils.swift in Sources */ = {isa = PBXBuildFile; fileRef = C8B86A5C26D7D7CC00F35DF4 /* ContactsUtils.swift */; };
/* End PBXBuildFile section */

/* Begin PBXContainerItemProxy section */
		C8A4BA0426D534C50065BB20 /* PBXContainerItemProxy */ = {
			isa = PBXContainerItemProxy;
			containerPortal = C8A4B9E526D534C20065BB20 /* Project object */;
			proxyType = 1;
			remoteGlobalIDString = C8A4B9EC26D534C20065BB20;
			remoteInfo = Phonebook;
		};
		C8A4BA0F26D534C50065BB20 /* PBXContainerItemProxy */ = {
			isa = PBXContainerItemProxy;
			containerPortal = C8A4B9E526D534C20065BB20 /* Project object */;
			proxyType = 1;
			remoteGlobalIDString = C8A4B9EC26D534C20065BB20;
			remoteInfo = Phonebook;
		};
/* End PBXContainerItemProxy section */

/* Begin PBXFileReference section */
		C80690ED26D602B000DDAC94 /* ContactCell.swift */ = {isa = PBXFileReference; lastKnownFileType = sourcecode.swift; path = ContactCell.swift; sourceTree = "<group>"; };
		C85A6AD126D8F7CF00349794 /* PhonebookManager.swift */ = {isa = PBXFileReference; lastKnownFileType = sourcecode.swift; path = PhonebookManager.swift; sourceTree = "<group>"; };
		C85A6ADF26D929EB00349794 /* DetailFriendViewController.swift */ = {isa = PBXFileReference; lastKnownFileType = sourcecode.swift; path = DetailFriendViewController.swift; sourceTree = "<group>"; };
		C85A6AF626DA47C700349794 /* UIViewExtension.swift */ = {isa = PBXFileReference; lastKnownFileType = sourcecode.swift; path = UIViewExtension.swift; sourceTree = "<group>"; };
		C85A6B0426DB796C00349794 /* FriendsDataSource.swift */ = {isa = PBXFileReference; lastKnownFileType = sourcecode.swift; path = FriendsDataSource.swift; sourceTree = "<group>"; };
		C8A4B9ED26D534C20065BB20 /* Phonebook.app */ = {isa = PBXFileReference; explicitFileType = wrapper.application; includeInIndex = 0; path = Phonebook.app; sourceTree = BUILT_PRODUCTS_DIR; };
		C8A4B9F026D534C20065BB20 /* AppDelegate.swift */ = {isa = PBXFileReference; lastKnownFileType = sourcecode.swift; path = AppDelegate.swift; sourceTree = "<group>"; };
		C8A4B9F226D534C20065BB20 /* SceneDelegate.swift */ = {isa = PBXFileReference; lastKnownFileType = sourcecode.swift; path = SceneDelegate.swift; sourceTree = "<group>"; };
		C8A4B9F426D534C20065BB20 /* FriendsViewController.swift */ = {isa = PBXFileReference; lastKnownFileType = sourcecode.swift; path = FriendsViewController.swift; sourceTree = "<group>"; };
		C8A4B9F726D534C20065BB20 /* Base */ = {isa = PBXFileReference; lastKnownFileType = file.storyboard; name = Base; path = Base.lproj/Main.storyboard; sourceTree = "<group>"; };
		C8A4B9F926D534C50065BB20 /* Assets.xcassets */ = {isa = PBXFileReference; lastKnownFileType = folder.assetcatalog; path = Assets.xcassets; sourceTree = "<group>"; };
		C8A4B9FC26D534C50065BB20 /* Base */ = {isa = PBXFileReference; lastKnownFileType = file.storyboard; name = Base; path = Base.lproj/LaunchScreen.storyboard; sourceTree = "<group>"; };
		C8A4B9FE26D534C50065BB20 /* Info.plist */ = {isa = PBXFileReference; lastKnownFileType = text.plist.xml; path = Info.plist; sourceTree = "<group>"; };
		C8A4BA0326D534C50065BB20 /* PhonebookTests.xctest */ = {isa = PBXFileReference; explicitFileType = wrapper.cfbundle; includeInIndex = 0; path = PhonebookTests.xctest; sourceTree = BUILT_PRODUCTS_DIR; };
		C8A4BA0726D534C50065BB20 /* PhonebookTests.swift */ = {isa = PBXFileReference; lastKnownFileType = sourcecode.swift; path = PhonebookTests.swift; sourceTree = "<group>"; };
		C8A4BA0926D534C50065BB20 /* Info.plist */ = {isa = PBXFileReference; lastKnownFileType = text.plist.xml; path = Info.plist; sourceTree = "<group>"; };
		C8A4BA0E26D534C50065BB20 /* PhonebookUITests.xctest */ = {isa = PBXFileReference; explicitFileType = wrapper.cfbundle; includeInIndex = 0; path = PhonebookUITests.xctest; sourceTree = BUILT_PRODUCTS_DIR; };
		C8A4BA1226D534C50065BB20 /* PhonebookUITests.swift */ = {isa = PBXFileReference; lastKnownFileType = sourcecode.swift; path = PhonebookUITests.swift; sourceTree = "<group>"; };
		C8A4BA1426D534C50065BB20 /* Info.plist */ = {isa = PBXFileReference; lastKnownFileType = text.plist.xml; path = Info.plist; sourceTree = "<group>"; };
		C8A4BA2326D534EA0065BB20 /* Friend.swift */ = {isa = PBXFileReference; lastKnownFileType = sourcecode.swift; path = Friend.swift; sourceTree = "<group>"; };
		C8A4BA2826D53A3D0065BB20 /* FriendStore.swift */ = {isa = PBXFileReference; lastKnownFileType = sourcecode.swift; path = FriendStore.swift; sourceTree = "<group>"; };
		C8B86A5C26D7D7CC00F35DF4 /* ContactsUtils.swift */ = {isa = PBXFileReference; lastKnownFileType = sourcecode.swift; path = ContactsUtils.swift; sourceTree = "<group>"; };
/* End PBXFileReference section */

/* Begin PBXFrameworksBuildPhase section */
		C8A4B9EA26D534C20065BB20 /* Frameworks */ = {
			isa = PBXFrameworksBuildPhase;
			buildActionMask = 2147483647;
			files = (
			);
			runOnlyForDeploymentPostprocessing = 0;
		};
		C8A4BA0026D534C50065BB20 /* Frameworks */ = {
			isa = PBXFrameworksBuildPhase;
			buildActionMask = 2147483647;
			files = (
			);
			runOnlyForDeploymentPostprocessing = 0;
		};
		C8A4BA0B26D534C50065BB20 /* Frameworks */ = {
			isa = PBXFrameworksBuildPhase;
			buildActionMask = 2147483647;
			files = (
			);
			runOnlyForDeploymentPostprocessing = 0;
		};
/* End PBXFrameworksBuildPhase section */

/* Begin PBXGroup section */
		C8A4B9E426D534C20065BB20 = {
			isa = PBXGroup;
			children = (
				C8A4B9EF26D534C20065BB20 /* Phonebook */,
				C8A4BA0626D534C50065BB20 /* PhonebookTests */,
				C8A4BA1126D534C50065BB20 /* PhonebookUITests */,
				C8A4B9EE26D534C20065BB20 /* Products */,
			);
			sourceTree = "<group>";
		};
		C8A4B9EE26D534C20065BB20 /* Products */ = {
			isa = PBXGroup;
			children = (
				C8A4B9ED26D534C20065BB20 /* Phonebook.app */,
				C8A4BA0326D534C50065BB20 /* PhonebookTests.xctest */,
				C8A4BA0E26D534C50065BB20 /* PhonebookUITests.xctest */,
			);
			name = Products;
			sourceTree = "<group>";
		};
		C8A4B9EF26D534C20065BB20 /* Phonebook */ = {
			isa = PBXGroup;
			children = (
				C8A4B9F026D534C20065BB20 /* AppDelegate.swift */,
				C8A4B9F226D534C20065BB20 /* SceneDelegate.swift */,
				C8A4B9F426D534C20065BB20 /* FriendsViewController.swift */,
				C85A6B0426DB796C00349794 /* FriendsDataSource.swift */,
				C8A4B9F626D534C20065BB20 /* Main.storyboard */,
				C8A4B9F926D534C50065BB20 /* Assets.xcassets */,
				C8A4B9FB26D534C50065BB20 /* LaunchScreen.storyboard */,
				C8A4B9FE26D534C50065BB20 /* Info.plist */,
				C8A4BA2326D534EA0065BB20 /* Friend.swift */,
				C8A4BA2826D53A3D0065BB20 /* FriendStore.swift */,
				C80690ED26D602B000DDAC94 /* ContactCell.swift */,
				C8B86A5C26D7D7CC00F35DF4 /* ContactsUtils.swift */,
				C85A6AD126D8F7CF00349794 /* PhonebookManager.swift */,
				C85A6ADF26D929EB00349794 /* DetailFriendViewController.swift */,
				C85A6AF626DA47C700349794 /* UIViewExtension.swift */,
			);
			path = Phonebook;
			sourceTree = "<group>";
		};
		C8A4BA0626D534C50065BB20 /* PhonebookTests */ = {
			isa = PBXGroup;
			children = (
				C8A4BA0726D534C50065BB20 /* PhonebookTests.swift */,
				C8A4BA0926D534C50065BB20 /* Info.plist */,
			);
			path = PhonebookTests;
			sourceTree = "<group>";
		};
		C8A4BA1126D534C50065BB20 /* PhonebookUITests */ = {
			isa = PBXGroup;
			children = (
				C8A4BA1226D534C50065BB20 /* PhonebookUITests.swift */,
				C8A4BA1426D534C50065BB20 /* Info.plist */,
			);
			path = PhonebookUITests;
			sourceTree = "<group>";
		};
/* End PBXGroup section */

/* Begin PBXNativeTarget section */
		C8A4B9EC26D534C20065BB20 /* Phonebook */ = {
			isa = PBXNativeTarget;
			buildConfigurationList = C8A4BA1726D534C50065BB20 /* Build configuration list for PBXNativeTarget "Phonebook" */;
			buildPhases = (
				C8A4B9E926D534C20065BB20 /* Sources */,
				C8A4B9EA26D534C20065BB20 /* Frameworks */,
				C8A4B9EB26D534C20065BB20 /* Resources */,
			);
			buildRules = (
			);
			dependencies = (
			);
			name = Phonebook;
			productName = Phonebook;
			productReference = C8A4B9ED26D534C20065BB20 /* Phonebook.app */;
			productType = "com.apple.product-type.application";
		};
		C8A4BA0226D534C50065BB20 /* PhonebookTests */ = {
			isa = PBXNativeTarget;
			buildConfigurationList = C8A4BA1A26D534C50065BB20 /* Build configuration list for PBXNativeTarget "PhonebookTests" */;
			buildPhases = (
				C8A4B9FF26D534C50065BB20 /* Sources */,
				C8A4BA0026D534C50065BB20 /* Frameworks */,
				C8A4BA0126D534C50065BB20 /* Resources */,
			);
			buildRules = (
			);
			dependencies = (
				C8A4BA0526D534C50065BB20 /* PBXTargetDependency */,
			);
			name = PhonebookTests;
			productName = PhonebookTests;
			productReference = C8A4BA0326D534C50065BB20 /* PhonebookTests.xctest */;
			productType = "com.apple.product-type.bundle.unit-test";
		};
		C8A4BA0D26D534C50065BB20 /* PhonebookUITests */ = {
			isa = PBXNativeTarget;
			buildConfigurationList = C8A4BA1D26D534C50065BB20 /* Build configuration list for PBXNativeTarget "PhonebookUITests" */;
			buildPhases = (
				C8A4BA0A26D534C50065BB20 /* Sources */,
				C8A4BA0B26D534C50065BB20 /* Frameworks */,
				C8A4BA0C26D534C50065BB20 /* Resources */,
			);
			buildRules = (
			);
			dependencies = (
				C8A4BA1026D534C50065BB20 /* PBXTargetDependency */,
			);
			name = PhonebookUITests;
			productName = PhonebookUITests;
			productReference = C8A4BA0E26D534C50065BB20 /* PhonebookUITests.xctest */;
			productType = "com.apple.product-type.bundle.ui-testing";
		};
/* End PBXNativeTarget section */

/* Begin PBXProject section */
		C8A4B9E526D534C20065BB20 /* Project object */ = {
			isa = PBXProject;
			attributes = {
				LastSwiftUpdateCheck = 1220;
				LastUpgradeCheck = 1220;
				TargetAttributes = {
					C8A4B9EC26D534C20065BB20 = {
						CreatedOnToolsVersion = 12.2;
					};
					C8A4BA0226D534C50065BB20 = {
						CreatedOnToolsVersion = 12.2;
						TestTargetID = C8A4B9EC26D534C20065BB20;
					};
					C8A4BA0D26D534C50065BB20 = {
						CreatedOnToolsVersion = 12.2;
						TestTargetID = C8A4B9EC26D534C20065BB20;
					};
				};
			};
			buildConfigurationList = C8A4B9E826D534C20065BB20 /* Build configuration list for PBXProject "Phonebook" */;
			compatibilityVersion = "Xcode 9.3";
			developmentRegion = en;
			hasScannedForEncodings = 0;
			knownRegions = (
				en,
				Base,
			);
			mainGroup = C8A4B9E426D534C20065BB20;
			productRefGroup = C8A4B9EE26D534C20065BB20 /* Products */;
			projectDirPath = "";
			projectRoot = "";
			targets = (
				C8A4B9EC26D534C20065BB20 /* Phonebook */,
				C8A4BA0226D534C50065BB20 /* PhonebookTests */,
				C8A4BA0D26D534C50065BB20 /* PhonebookUITests */,
			);
		};
/* End PBXProject section */

/* Begin PBXResourcesBuildPhase section */
		C8A4B9EB26D534C20065BB20 /* Resources */ = {
			isa = PBXResourcesBuildPhase;
			buildActionMask = 2147483647;
			files = (
				C8A4B9FD26D534C50065BB20 /* LaunchScreen.storyboard in Resources */,
				C8A4B9FA26D534C50065BB20 /* Assets.xcassets in Resources */,
				C8A4B9F826D534C20065BB20 /* Main.storyboard in Resources */,
			);
			runOnlyForDeploymentPostprocessing = 0;
		};
		C8A4BA0126D534C50065BB20 /* Resources */ = {
			isa = PBXResourcesBuildPhase;
			buildActionMask = 2147483647;
			files = (
			);
			runOnlyForDeploymentPostprocessing = 0;
		};
		C8A4BA0C26D534C50065BB20 /* Resources */ = {
			isa = PBXResourcesBuildPhase;
			buildActionMask = 2147483647;
			files = (
			);
			runOnlyForDeploymentPostprocessing = 0;
		};
/* End PBXResourcesBuildPhase section */

/* Begin PBXSourcesBuildPhase section */
		C8A4B9E926D534C20065BB20 /* Sources */ = {
			isa = PBXSourcesBuildPhase;
			buildActionMask = 2147483647;
			files = (
				C85A6AF726DA47C700349794 /* UIViewExtension.swift in Sources */,
				C80690EE26D602B000DDAC94 /* ContactCell.swift in Sources */,
				C85A6AD226D8F7CF00349794 /* PhonebookManager.swift in Sources */,
				C8A4B9F526D534C20065BB20 /* FriendsViewController.swift in Sources */,
				C8A4B9F126D534C20065BB20 /* AppDelegate.swift in Sources */,
				C8A4BA2426D534EA0065BB20 /* Friend.swift in Sources */,
				C8A4B9F326D534C20065BB20 /* SceneDelegate.swift in Sources */,
				C85A6B0526DB796C00349794 /* FriendsDataSource.swift in Sources */,
				C8B86A5D26D7D7CC00F35DF4 /* ContactsUtils.swift in Sources */,
				C8A4BA2926D53A3D0065BB20 /* FriendStore.swift in Sources */,
				C85A6AE026D929EB00349794 /* DetailFriendViewController.swift in Sources */,
			);
			runOnlyForDeploymentPostprocessing = 0;
		};
		C8A4B9FF26D534C50065BB20 /* Sources */ = {
			isa = PBXSourcesBuildPhase;
			buildActionMask = 2147483647;
			files = (
				C8A4BA0826D534C50065BB20 /* PhonebookTests.swift in Sources */,
			);
			runOnlyForDeploymentPostprocessing = 0;
		};
		C8A4BA0A26D534C50065BB20 /* Sources */ = {
			isa = PBXSourcesBuildPhase;
			buildActionMask = 2147483647;
			files = (
				C8A4BA1326D534C50065BB20 /* PhonebookUITests.swift in Sources */,
			);
			runOnlyForDeploymentPostprocessing = 0;
		};
/* End PBXSourcesBuildPhase section */

/* Begin PBXTargetDependency section */
		C8A4BA0526D534C50065BB20 /* PBXTargetDependency */ = {
			isa = PBXTargetDependency;
			target = C8A4B9EC26D534C20065BB20 /* Phonebook */;
			targetProxy = C8A4BA0426D534C50065BB20 /* PBXContainerItemProxy */;
		};
		C8A4BA1026D534C50065BB20 /* PBXTargetDependency */ = {
			isa = PBXTargetDependency;
			target = C8A4B9EC26D534C20065BB20 /* Phonebook */;
			targetProxy = C8A4BA0F26D534C50065BB20 /* PBXContainerItemProxy */;
		};
/* End PBXTargetDependency section */

/* Begin PBXVariantGroup section */
		C8A4B9F626D534C20065BB20 /* Main.storyboard */ = {
			isa = PBXVariantGroup;
			children = (
				C8A4B9F726D534C20065BB20 /* Base */,
			);
			name = Main.storyboard;
			sourceTree = "<group>";
		};
		C8A4B9FB26D534C50065BB20 /* LaunchScreen.storyboard */ = {
			isa = PBXVariantGroup;
			children = (
				C8A4B9FC26D534C50065BB20 /* Base */,
			);
			name = LaunchScreen.storyboard;
			sourceTree = "<group>";
		};
/* End PBXVariantGroup section */

/* Begin XCBuildConfiguration section */
		C8A4BA1526D534C50065BB20 /* Debug */ = {
			isa = XCBuildConfiguration;
			buildSettings = {
				ALWAYS_SEARCH_USER_PATHS = NO;
				CLANG_ANALYZER_NONNULL = YES;
				CLANG_ANALYZER_NUMBER_OBJECT_CONVERSION = YES_AGGRESSIVE;
				CLANG_CXX_LANGUAGE_STANDARD = "gnu++14";
				CLANG_CXX_LIBRARY = "libc++";
				CLANG_ENABLE_MODULES = YES;
				CLANG_ENABLE_OBJC_ARC = YES;
				CLANG_ENABLE_OBJC_WEAK = YES;
				CLANG_WARN_BLOCK_CAPTURE_AUTORELEASING = YES;
				CLANG_WARN_BOOL_CONVERSION = YES;
				CLANG_WARN_COMMA = YES;
				CLANG_WARN_CONSTANT_CONVERSION = YES;
				CLANG_WARN_DEPRECATED_OBJC_IMPLEMENTATIONS = YES;
				CLANG_WARN_DIRECT_OBJC_ISA_USAGE = YES_ERROR;
				CLANG_WARN_DOCUMENTATION_COMMENTS = YES;
				CLANG_WARN_EMPTY_BODY = YES;
				CLANG_WARN_ENUM_CONVERSION = YES;
				CLANG_WARN_INFINITE_RECURSION = YES;
				CLANG_WARN_INT_CONVERSION = YES;
				CLANG_WARN_NON_LITERAL_NULL_CONVERSION = YES;
				CLANG_WARN_OBJC_IMPLICIT_RETAIN_SELF = YES;
				CLANG_WARN_OBJC_LITERAL_CONVERSION = YES;
				CLANG_WARN_OBJC_ROOT_CLASS = YES_ERROR;
				CLANG_WARN_QUOTED_INCLUDE_IN_FRAMEWORK_HEADER = YES;
				CLANG_WARN_RANGE_LOOP_ANALYSIS = YES;
				CLANG_WARN_STRICT_PROTOTYPES = YES;
				CLANG_WARN_SUSPICIOUS_MOVE = YES;
				CLANG_WARN_UNGUARDED_AVAILABILITY = YES_AGGRESSIVE;
				CLANG_WARN_UNREACHABLE_CODE = YES;
				CLANG_WARN__DUPLICATE_METHOD_MATCH = YES;
				COPY_PHASE_STRIP = NO;
				DEBUG_INFORMATION_FORMAT = dwarf;
				ENABLE_STRICT_OBJC_MSGSEND = YES;
				ENABLE_TESTABILITY = YES;
				GCC_C_LANGUAGE_STANDARD = gnu11;
				GCC_DYNAMIC_NO_PIC = NO;
				GCC_NO_COMMON_BLOCKS = YES;
				GCC_OPTIMIZATION_LEVEL = 0;
				GCC_PREPROCESSOR_DEFINITIONS = (
					"DEBUG=1",
					"$(inherited)",
				);
				GCC_WARN_64_TO_32_BIT_CONVERSION = YES;
				GCC_WARN_ABOUT_RETURN_TYPE = YES_ERROR;
				GCC_WARN_UNDECLARED_SELECTOR = YES;
				GCC_WARN_UNINITIALIZED_AUTOS = YES_AGGRESSIVE;
				GCC_WARN_UNUSED_FUNCTION = YES;
				GCC_WARN_UNUSED_VARIABLE = YES;
				IPHONEOS_DEPLOYMENT_TARGET = 14.2;
				MTL_ENABLE_DEBUG_INFO = INCLUDE_SOURCE;
				MTL_FAST_MATH = YES;
				ONLY_ACTIVE_ARCH = YES;
				SDKROOT = iphoneos;
				SWIFT_ACTIVE_COMPILATION_CONDITIONS = DEBUG;
				SWIFT_OPTIMIZATION_LEVEL = "-Onone";
			};
			name = Debug;
		};
		C8A4BA1626D534C50065BB20 /* Release */ = {
			isa = XCBuildConfiguration;
			buildSettings = {
				ALWAYS_SEARCH_USER_PATHS = NO;
				CLANG_ANALYZER_NONNULL = YES;
				CLANG_ANALYZER_NUMBER_OBJECT_CONVERSION = YES_AGGRESSIVE;
				CLANG_CXX_LANGUAGE_STANDARD = "gnu++14";
				CLANG_CXX_LIBRARY = "libc++";
				CLANG_ENABLE_MODULES = YES;
				CLANG_ENABLE_OBJC_ARC = YES;
				CLANG_ENABLE_OBJC_WEAK = YES;
				CLANG_WARN_BLOCK_CAPTURE_AUTORELEASING = YES;
				CLANG_WARN_BOOL_CONVERSION = YES;
				CLANG_WARN_COMMA = YES;
				CLANG_WARN_CONSTANT_CONVERSION = YES;
				CLANG_WARN_DEPRECATED_OBJC_IMPLEMENTATIONS = YES;
				CLANG_WARN_DIRECT_OBJC_ISA_USAGE = YES_ERROR;
				CLANG_WARN_DOCUMENTATION_COMMENTS = YES;
				CLANG_WARN_EMPTY_BODY = YES;
				CLANG_WARN_ENUM_CONVERSION = YES;
				CLANG_WARN_INFINITE_RECURSION = YES;
				CLANG_WARN_INT_CONVERSION = YES;
				CLANG_WARN_NON_LITERAL_NULL_CONVERSION = YES;
				CLANG_WARN_OBJC_IMPLICIT_RETAIN_SELF = YES;
				CLANG_WARN_OBJC_LITERAL_CONVERSION = YES;
				CLANG_WARN_OBJC_ROOT_CLASS = YES_ERROR;
				CLANG_WARN_QUOTED_INCLUDE_IN_FRAMEWORK_HEADER = YES;
				CLANG_WARN_RANGE_LOOP_ANALYSIS = YES;
				CLANG_WARN_STRICT_PROTOTYPES = YES;
				CLANG_WARN_SUSPICIOUS_MOVE = YES;
				CLANG_WARN_UNGUARDED_AVAILABILITY = YES_AGGRESSIVE;
				CLANG_WARN_UNREACHABLE_CODE = YES;
				CLANG_WARN__DUPLICATE_METHOD_MATCH = YES;
				COPY_PHASE_STRIP = NO;
				DEBUG_INFORMATION_FORMAT = "dwarf-with-dsym";
				ENABLE_NS_ASSERTIONS = NO;
				ENABLE_STRICT_OBJC_MSGSEND = YES;
				GCC_C_LANGUAGE_STANDARD = gnu11;
				GCC_NO_COMMON_BLOCKS = YES;
				GCC_WARN_64_TO_32_BIT_CONVERSION = YES;
				GCC_WARN_ABOUT_RETURN_TYPE = YES_ERROR;
				GCC_WARN_UNDECLARED_SELECTOR = YES;
				GCC_WARN_UNINITIALIZED_AUTOS = YES_AGGRESSIVE;
				GCC_WARN_UNUSED_FUNCTION = YES;
				GCC_WARN_UNUSED_VARIABLE = YES;
				IPHONEOS_DEPLOYMENT_TARGET = 14.2;
				MTL_ENABLE_DEBUG_INFO = NO;
				MTL_FAST_MATH = YES;
				SDKROOT = iphoneos;
				SWIFT_COMPILATION_MODE = wholemodule;
				SWIFT_OPTIMIZATION_LEVEL = "-O";
				VALIDATE_PRODUCT = YES;
			};
			name = Release;
		};
		C8A4BA1826D534C50065BB20 /* Debug */ = {
			isa = XCBuildConfiguration;
			buildSettings = {
				ASSETCATALOG_COMPILER_APPICON_NAME = AppIcon;
				ASSETCATALOG_COMPILER_GLOBAL_ACCENT_COLOR_NAME = AccentColor;
				CODE_SIGN_STYLE = Automatic;
				DEVELOPMENT_TEAM = UBHQB9F5N3;
				INFOPLIST_FILE = Phonebook/Info.plist;
				LD_RUNPATH_SEARCH_PATHS = (
					"$(inherited)",
					"@executable_path/Frameworks",
				);
				PRODUCT_BUNDLE_IDENTIFIER = com.Zalo.Nil.Phonebook;
				PRODUCT_NAME = "$(TARGET_NAME)";
				SWIFT_VERSION = 5.0;
				TARGETED_DEVICE_FAMILY = "1,2";
			};
			name = Debug;
		};
		C8A4BA1926D534C50065BB20 /* Release */ = {
			isa = XCBuildConfiguration;
			buildSettings = {
				ASSETCATALOG_COMPILER_APPICON_NAME = AppIcon;
				ASSETCATALOG_COMPILER_GLOBAL_ACCENT_COLOR_NAME = AccentColor;
				CODE_SIGN_STYLE = Automatic;
				DEVELOPMENT_TEAM = UBHQB9F5N3;
				INFOPLIST_FILE = Phonebook/Info.plist;
				LD_RUNPATH_SEARCH_PATHS = (
					"$(inherited)",
					"@executable_path/Frameworks",
				);
				PRODUCT_BUNDLE_IDENTIFIER = com.Zalo.Nil.Phonebook;
				PRODUCT_NAME = "$(TARGET_NAME)";
				SWIFT_VERSION = 5.0;
				TARGETED_DEVICE_FAMILY = "1,2";
			};
			name = Release;
		};
		C8A4BA1B26D534C50065BB20 /* Debug */ = {
			isa = XCBuildConfiguration;
			buildSettings = {
				ALWAYS_EMBED_SWIFT_STANDARD_LIBRARIES = YES;
				BUNDLE_LOADER = "$(TEST_HOST)";
				CODE_SIGN_STYLE = Automatic;
				DEVELOPMENT_TEAM = UBHQB9F5N3;
				INFOPLIST_FILE = PhonebookTests/Info.plist;
				IPHONEOS_DEPLOYMENT_TARGET = 14.2;
				LD_RUNPATH_SEARCH_PATHS = (
					"$(inherited)",
					"@executable_path/Frameworks",
					"@loader_path/Frameworks",
				);
				PRODUCT_BUNDLE_IDENTIFIER = com.Zalo.Nil.PhonebookTests;
				PRODUCT_NAME = "$(TARGET_NAME)";
				SWIFT_VERSION = 5.0;
				TARGETED_DEVICE_FAMILY = "1,2";
				TEST_HOST = "$(BUILT_PRODUCTS_DIR)/Phonebook.app/Phonebook";
			};
			name = Debug;
		};
		C8A4BA1C26D534C50065BB20 /* Release */ = {
			isa = XCBuildConfiguration;
			buildSettings = {
				ALWAYS_EMBED_SWIFT_STANDARD_LIBRARIES = YES;
				BUNDLE_LOADER = "$(TEST_HOST)";
				CODE_SIGN_STYLE = Automatic;
				DEVELOPMENT_TEAM = UBHQB9F5N3;
				INFOPLIST_FILE = PhonebookTests/Info.plist;
				IPHONEOS_DEPLOYMENT_TARGET = 14.2;
				LD_RUNPATH_SEARCH_PATHS = (
					"$(inherited)",
					"@executable_path/Frameworks",
					"@loader_path/Frameworks",
				);
				PRODUCT_BUNDLE_IDENTIFIER = com.Zalo.Nil.PhonebookTests;
				PRODUCT_NAME = "$(TARGET_NAME)";
				SWIFT_VERSION = 5.0;
				TARGETED_DEVICE_FAMILY = "1,2";
				TEST_HOST = "$(BUILT_PRODUCTS_DIR)/Phonebook.app/Phonebook";
			};
			name = Release;
		};
		C8A4BA1E26D534C50065BB20 /* Debug */ = {
			isa = XCBuildConfiguration;
			buildSettings = {
				ALWAYS_EMBED_SWIFT_STANDARD_LIBRARIES = YES;
				CODE_SIGN_STYLE = Automatic;
				DEVELOPMENT_TEAM = UBHQB9F5N3;
				INFOPLIST_FILE = PhonebookUITests/Info.plist;
				LD_RUNPATH_SEARCH_PATHS = (
					"$(inherited)",
					"@executable_path/Frameworks",
					"@loader_path/Frameworks",
				);
				PRODUCT_BUNDLE_IDENTIFIER = com.Zalo.Nil.PhonebookUITests;
				PRODUCT_NAME = "$(TARGET_NAME)";
				SWIFT_VERSION = 5.0;
				TARGETED_DEVICE_FAMILY = "1,2";
				TEST_TARGET_NAME = Phonebook;
			};
			name = Debug;
		};
		C8A4BA1F26D534C50065BB20 /* Release */ = {
			isa = XCBuildConfiguration;
			buildSettings = {
				ALWAYS_EMBED_SWIFT_STANDARD_LIBRARIES = YES;
				CODE_SIGN_STYLE = Automatic;
				DEVELOPMENT_TEAM = UBHQB9F5N3;
				INFOPLIST_FILE = PhonebookUITests/Info.plist;
				LD_RUNPATH_SEARCH_PATHS = (
					"$(inherited)",
					"@executable_path/Frameworks",
					"@loader_path/Frameworks",
				);
				PRODUCT_BUNDLE_IDENTIFIER = com.Zalo.Nil.PhonebookUITests;
				PRODUCT_NAME = "$(TARGET_NAME)";
				SWIFT_VERSION = 5.0;
				TARGETED_DEVICE_FAMILY = "1,2";
				TEST_TARGET_NAME = Phonebook;
			};
			name = Release;
		};
/* End XCBuildConfiguration section */

/* Begin XCConfigurationList section */
		C8A4B9E826D534C20065BB20 /* Build configuration list for PBXProject "Phonebook" */ = {
			isa = XCConfigurationList;
			buildConfigurations = (
				C8A4BA1526D534C50065BB20 /* Debug */,
				C8A4BA1626D534C50065BB20 /* Release */,
			);
			defaultConfigurationIsVisible = 0;
			defaultConfigurationName = Release;
		};
		C8A4BA1726D534C50065BB20 /* Build configuration list for PBXNativeTarget "Phonebook" */ = {
			isa = XCConfigurationList;
			buildConfigurations = (
				C8A4BA1826D534C50065BB20 /* Debug */,
				C8A4BA1926D534C50065BB20 /* Release */,
			);
			defaultConfigurationIsVisible = 0;
			defaultConfigurationName = Release;
		};
		C8A4BA1A26D534C50065BB20 /* Build configuration list for PBXNativeTarget "PhonebookTests" */ = {
			isa = XCConfigurationList;
			buildConfigurations = (
				C8A4BA1B26D534C50065BB20 /* Debug */,
				C8A4BA1C26D534C50065BB20 /* Release */,
			);
			defaultConfigurationIsVisible = 0;
			defaultConfigurationName = Release;
		};
		C8A4BA1D26D534C50065BB20 /* Build configuration list for PBXNativeTarget "PhonebookUITests" */ = {
			isa = XCConfigurationList;
			buildConfigurations = (
				C8A4BA1E26D534C50065BB20 /* Debug */,
				C8A4BA1F26D534C50065BB20 /* Release */,
			);
			defaultConfigurationIsVisible = 0;
			defaultConfigurationName = Release;
		};
/* End XCConfigurationList section */
	};
	rootObject = C8A4B9E526D534C20065BB20 /* Project object */;
}
